// !$*UTF8*$!
{
	archiveVersion = 1;
	classes = {
	};
	objectVersion = 46;
	objects = {

/* Begin PBXBuildFile section */
		194334131ACE23D900915DF0 /* main.m in Sources */ = {isa = PBXBuildFile; fileRef = 194334121ACE23D900915DF0 /* main.m */; };
		194334161ACE23D900915DF0 /* AppDelegate.m in Sources */ = {isa = PBXBuildFile; fileRef = 194334151ACE23D900915DF0 /* AppDelegate.m */; };
		194334191ACE23D900915DF0 /* FirstViewController.m in Sources */ = {isa = PBXBuildFile; fileRef = 194334181ACE23D900915DF0 /* FirstViewController.m */; };
		1943341C1ACE23D900915DF0 /* SecondViewController.m in Sources */ = {isa = PBXBuildFile; fileRef = 1943341B1ACE23D900915DF0 /* SecondViewController.m */; };
		1943341F1ACE23D900915DF0 /* Main.storyboard in Resources */ = {isa = PBXBuildFile; fileRef = 1943341D1ACE23D900915DF0 /* Main.storyboard */; };
		194334211ACE23D900915DF0 /* Images.xcassets in Resources */ = {isa = PBXBuildFile; fileRef = 194334201ACE23D900915DF0 /* Images.xcassets */; };
		194334241ACE23D900915DF0 /* LaunchScreen.xib in Resources */ = {isa = PBXBuildFile; fileRef = 194334221ACE23D900915DF0 /* LaunchScreen.xib */; };
		194334301ACE23D900915DF0 /* PRLTests.m in Sources */ = {isa = PBXBuildFile; fileRef = 1943342F1ACE23D900915DF0 /* PRLTests.m */; };
		D095D10D977658449CB70356 /* libPods.a in Frameworks */ = {isa = PBXBuildFile; fileRef = BFF01A1FB5C6324928CA952C /* libPods.a */; };
/* End PBXBuildFile section */

/* Begin PBXContainerItemProxy section */
		1943342A1ACE23D900915DF0 /* PBXContainerItemProxy */ = {
			isa = PBXContainerItemProxy;
			containerPortal = 194334051ACE23D900915DF0 /* Project object */;
			proxyType = 1;
			remoteGlobalIDString = 1943340C1ACE23D900915DF0;
			remoteInfo = PRL;
		};
/* End PBXContainerItemProxy section */

/* Begin PBXFileReference section */
		1943340D1ACE23D900915DF0 /* PRL.app */ = {isa = PBXFileReference; explicitFileType = wrapper.application; includeInIndex = 0; path = PRL.app; sourceTree = BUILT_PRODUCTS_DIR; };
		194334111ACE23D900915DF0 /* Info.plist */ = {isa = PBXFileReference; lastKnownFileType = text.plist.xml; path = Info.plist; sourceTree = "<group>"; };
		194334121ACE23D900915DF0 /* main.m */ = {isa = PBXFileReference; lastKnownFileType = sourcecode.c.objc; path = main.m; sourceTree = "<group>"; };
		194334141ACE23D900915DF0 /* AppDelegate.h */ = {isa = PBXFileReference; lastKnownFileType = sourcecode.c.h; path = AppDelegate.h; sourceTree = "<group>"; };
		194334151ACE23D900915DF0 /* AppDelegate.m */ = {isa = PBXFileReference; lastKnownFileType = sourcecode.c.objc; path = AppDelegate.m; sourceTree = "<group>"; };
		194334171ACE23D900915DF0 /* FirstViewController.h */ = {isa = PBXFileReference; lastKnownFileType = sourcecode.c.h; path = FirstViewController.h; sourceTree = "<group>"; };
		194334181ACE23D900915DF0 /* FirstViewController.m */ = {isa = PBXFileReference; lastKnownFileType = sourcecode.c.objc; path = FirstViewController.m; sourceTree = "<group>"; };
		1943341A1ACE23D900915DF0 /* SecondViewController.h */ = {isa = PBXFileReference; lastKnownFileType = sourcecode.c.h; path = SecondViewController.h; sourceTree = "<group>"; };
		1943341B1ACE23D900915DF0 /* SecondViewController.m */ = {isa = PBXFileReference; lastKnownFileType = sourcecode.c.objc; path = SecondViewController.m; sourceTree = "<group>"; };
		1943341E1ACE23D900915DF0 /* Base */ = {isa = PBXFileReference; lastKnownFileType = file.storyboard; name = Base; path = Base.lproj/Main.storyboard; sourceTree = "<group>"; };
		194334201ACE23D900915DF0 /* Images.xcassets */ = {isa = PBXFileReference; lastKnownFileType = folder.assetcatalog; path = Images.xcassets; sourceTree = "<group>"; };
		194334231ACE23D900915DF0 /* Base */ = {isa = PBXFileReference; lastKnownFileType = file.xib; name = Base; path = Base.lproj/LaunchScreen.xib; sourceTree = "<group>"; };
		194334291ACE23D900915DF0 /* PRLTests.xctest */ = {isa = PBXFileReference; explicitFileType = wrapper.cfbundle; includeInIndex = 0; path = PRLTests.xctest; sourceTree = BUILT_PRODUCTS_DIR; };
		1943342E1ACE23D900915DF0 /* Info.plist */ = {isa = PBXFileReference; lastKnownFileType = text.plist.xml; path = Info.plist; sourceTree = "<group>"; };
		1943342F1ACE23D900915DF0 /* PRLTests.m */ = {isa = PBXFileReference; lastKnownFileType = sourcecode.c.objc; path = PRLTests.m; sourceTree = "<group>"; };
		BFF01A1FB5C6324928CA952C /* libPods.a */ = {isa = PBXFileReference; explicitFileType = archive.ar; includeInIndex = 0; path = libPods.a; sourceTree = BUILT_PRODUCTS_DIR; };
		E576C0C5854AF39EF8876F99 /* Pods.debug.xcconfig */ = {isa = PBXFileReference; includeInIndex = 1; lastKnownFileType = text.xcconfig; name = Pods.debug.xcconfig; path = "Pods/Target Support Files/Pods/Pods.debug.xcconfig"; sourceTree = "<group>"; };
		FCB64F93197C3E3E77E39CA8 /* Pods.release.xcconfig */ = {isa = PBXFileReference; includeInIndex = 1; lastKnownFileType = text.xcconfig; name = Pods.release.xcconfig; path = "Pods/Target Support Files/Pods/Pods.release.xcconfig"; sourceTree = "<group>"; };
/* End PBXFileReference section */

/* Begin PBXFrameworksBuildPhase section */
		1943340A1ACE23D900915DF0 /* Frameworks */ = {
			isa = PBXFrameworksBuildPhase;
			buildActionMask = 2147483647;
			files = (
				D095D10D977658449CB70356 /* libPods.a in Frameworks */,
			);
			runOnlyForDeploymentPostprocessing = 0;
		};
		194334261ACE23D900915DF0 /* Frameworks */ = {
			isa = PBXFrameworksBuildPhase;
			buildActionMask = 2147483647;
			files = (
			);
			runOnlyForDeploymentPostprocessing = 0;
		};
/* End PBXFrameworksBuildPhase section */

/* Begin PBXGroup section */
		194334041ACE23D900915DF0 = {
			isa = PBXGroup;
			children = (
				1943340F1ACE23D900915DF0 /* PRL */,
				1943342C1ACE23D900915DF0 /* PRLTests */,
				1943340E1ACE23D900915DF0 /* Products */,
				F84483DA061C48959AA3B9C8 /* Pods */,
				FF90381D2E33B93AC757F9A8 /* Frameworks */,
			);
			sourceTree = "<group>";
		};
		1943340E1ACE23D900915DF0 /* Products */ = {
			isa = PBXGroup;
			children = (
				1943340D1ACE23D900915DF0 /* PRL.app */,
				194334291ACE23D900915DF0 /* PRLTests.xctest */,
			);
			name = Products;
			sourceTree = "<group>";
		};
		1943340F1ACE23D900915DF0 /* PRL */ = {
			isa = PBXGroup;
			children = (
				194334141ACE23D900915DF0 /* AppDelegate.h */,
				194334151ACE23D900915DF0 /* AppDelegate.m */,
				194334171ACE23D900915DF0 /* FirstViewController.h */,
				194334181ACE23D900915DF0 /* FirstViewController.m */,
				1943341A1ACE23D900915DF0 /* SecondViewController.h */,
				1943341B1ACE23D900915DF0 /* SecondViewController.m */,
				1943341D1ACE23D900915DF0 /* Main.storyboard */,
				194334201ACE23D900915DF0 /* Images.xcassets */,
				194334221ACE23D900915DF0 /* LaunchScreen.xib */,
				194334101ACE23D900915DF0 /* Supporting Files */,
			);
			path = PRL;
			sourceTree = "<group>";
		};
		194334101ACE23D900915DF0 /* Supporting Files */ = {
			isa = PBXGroup;
			children = (
				194334111ACE23D900915DF0 /* Info.plist */,
				194334121ACE23D900915DF0 /* main.m */,
			);
			name = "Supporting Files";
			sourceTree = "<group>";
		};
		1943342C1ACE23D900915DF0 /* PRLTests */ = {
			isa = PBXGroup;
			children = (
				1943342F1ACE23D900915DF0 /* PRLTests.m */,
				1943342D1ACE23D900915DF0 /* Supporting Files */,
			);
			path = PRLTests;
			sourceTree = "<group>";
		};
		1943342D1ACE23D900915DF0 /* Supporting Files */ = {
			isa = PBXGroup;
			children = (
				1943342E1ACE23D900915DF0 /* Info.plist */,
			);
			name = "Supporting Files";
			sourceTree = "<group>";
		};
		F84483DA061C48959AA3B9C8 /* Pods */ = {
			isa = PBXGroup;
			children = (
				E576C0C5854AF39EF8876F99 /* Pods.debug.xcconfig */,
				FCB64F93197C3E3E77E39CA8 /* Pods.release.xcconfig */,
			);
			name = Pods;
			sourceTree = "<group>";
		};
		FF90381D2E33B93AC757F9A8 /* Frameworks */ = {
			isa = PBXGroup;
			children = (
				BFF01A1FB5C6324928CA952C /* libPods.a */,
			);
			name = Frameworks;
			sourceTree = "<group>";
		};
/* End PBXGroup section */

/* Begin PBXNativeTarget section */
		1943340C1ACE23D900915DF0 /* PRL */ = {
			isa = PBXNativeTarget;
			buildConfigurationList = 194334331ACE23D900915DF0 /* Build configuration list for PBXNativeTarget "PRL" */;
			buildPhases = (
				3B1AD887A90F22BCFAC5C5CC /* Check Pods Manifest.lock */,
				194334091ACE23D900915DF0 /* Sources */,
				1943340A1ACE23D900915DF0 /* Frameworks */,
				1943340B1ACE23D900915DF0 /* Resources */,
				711796C4D0F366764E71DD2F /* Copy Pods Resources */,
			);
			buildRules = (
			);
			dependencies = (
			);
			name = PRL;
			productName = PRL;
			productReference = 1943340D1ACE23D900915DF0 /* PRL.app */;
			productType = "com.apple.product-type.application";
		};
		194334281ACE23D900915DF0 /* PRLTests */ = {
			isa = PBXNativeTarget;
			buildConfigurationList = 194334361ACE23D900915DF0 /* Build configuration list for PBXNativeTarget "PRLTests" */;
			buildPhases = (
				194334251ACE23D900915DF0 /* Sources */,
				194334261ACE23D900915DF0 /* Frameworks */,
				194334271ACE23D900915DF0 /* Resources */,
			);
			buildRules = (
			);
			dependencies = (
				1943342B1ACE23D900915DF0 /* PBXTargetDependency */,
			);
			name = PRLTests;
			productName = PRLTests;
			productReference = 194334291ACE23D900915DF0 /* PRLTests.xctest */;
			productType = "com.apple.product-type.bundle.unit-test";
		};
/* End PBXNativeTarget section */

/* Begin PBXProject section */
		194334051ACE23D900915DF0 /* Project object */ = {
			isa = PBXProject;
			attributes = {
				LastUpgradeCheck = 0620;
				ORGANIZATIONNAME = PennLabs;
				TargetAttributes = {
					1943340C1ACE23D900915DF0 = {
						CreatedOnToolsVersion = 6.2;
					};
					194334281ACE23D900915DF0 = {
						CreatedOnToolsVersion = 6.2;
						TestTargetID = 1943340C1ACE23D900915DF0;
					};
				};
			};
			buildConfigurationList = 194334081ACE23D900915DF0 /* Build configuration list for PBXProject "PRL" */;
			compatibilityVersion = "Xcode 3.2";
			developmentRegion = English;
			hasScannedForEncodings = 0;
			knownRegions = (
				en,
				Base,
			);
			mainGroup = 194334041ACE23D900915DF0;
			productRefGroup = 1943340E1ACE23D900915DF0 /* Products */;
			projectDirPath = "";
			projectRoot = "";
			targets = (
				1943340C1ACE23D900915DF0 /* PRL */,
				194334281ACE23D900915DF0 /* PRLTests */,
			);
		};
/* End PBXProject section */

/* Begin PBXResourcesBuildPhase section */
		1943340B1ACE23D900915DF0 /* Resources */ = {
			isa = PBXResourcesBuildPhase;
			buildActionMask = 2147483647;
			files = (
				1943341F1ACE23D900915DF0 /* Main.storyboard in Resources */,
				194334241ACE23D900915DF0 /* LaunchScreen.xib in Resources */,
				194334211ACE23D900915DF0 /* Images.xcassets in Resources */,
			);
			runOnlyForDeploymentPostprocessing = 0;
		};
		194334271ACE23D900915DF0 /* Resources */ = {
			isa = PBXResourcesBuildPhase;
			buildActionMask = 2147483647;
			files = (
			);
			runOnlyForDeploymentPostprocessing = 0;
		};
/* End PBXResourcesBuildPhase section */

/* Begin PBXShellScriptBuildPhase section */
		3B1AD887A90F22BCFAC5C5CC /* Check Pods Manifest.lock */ = {
			isa = PBXShellScriptBuildPhase;
			buildActionMask = 2147483647;
			files = (
			);
			inputPaths = (
			);
			name = "Check Pods Manifest.lock";
			outputPaths = (
			);
			runOnlyForDeploymentPostprocessing = 0;
			shellPath = /bin/sh;
			shellScript = "diff \"${PODS_ROOT}/../Podfile.lock\" \"${PODS_ROOT}/Manifest.lock\" > /dev/null\nif [[ $? != 0 ]] ; then\n    cat << EOM\nerror: The sandbox is not in sync with the Podfile.lock. Run 'pod install' or update your CocoaPods installation.\nEOM\n    exit 1\nfi\n";
			showEnvVarsInLog = 0;
		};
		711796C4D0F366764E71DD2F /* Copy Pods Resources */ = {
			isa = PBXShellScriptBuildPhase;
			buildActionMask = 2147483647;
			files = (
			);
			inputPaths = (
			);
			name = "Copy Pods Resources";
			outputPaths = (
			);
			runOnlyForDeploymentPostprocessing = 0;
			shellPath = /bin/sh;
			shellScript = "\"${SRCROOT}/Pods/Target Support Files/Pods/Pods-resources.sh\"\n";
			showEnvVarsInLog = 0;
		};
/* End PBXShellScriptBuildPhase section */

/* Begin PBXSourcesBuildPhase section */
		194334091ACE23D900915DF0 /* Sources */ = {
			isa = PBXSourcesBuildPhase;
			buildActionMask = 2147483647;
			files = (
				1943341C1ACE23D900915DF0 /* SecondViewController.m in Sources */,
				194334161ACE23D900915DF0 /* AppDelegate.m in Sources */,
				194334191ACE23D900915DF0 /* FirstViewController.m in Sources */,
				194334131ACE23D900915DF0 /* main.m in Sources */,
			);
			runOnlyForDeploymentPostprocessing = 0;
		};
		194334251ACE23D900915DF0 /* Sources */ = {
			isa = PBXSourcesBuildPhase;
			buildActionMask = 2147483647;
			files = (
				194334301ACE23D900915DF0 /* PRLTests.m in Sources */,
			);
			runOnlyForDeploymentPostprocessing = 0;
		};
/* End PBXSourcesBuildPhase section */

/* Begin PBXTargetDependency section */
		1943342B1ACE23D900915DF0 /* PBXTargetDependency */ = {
			isa = PBXTargetDependency;
			target = 1943340C1ACE23D900915DF0 /* PRL */;
			targetProxy = 1943342A1ACE23D900915DF0 /* PBXContainerItemProxy */;
		};
/* End PBXTargetDependency section */

/* Begin PBXVariantGroup section */
		1943341D1ACE23D900915DF0 /* Main.storyboard */ = {
			isa = PBXVariantGroup;
			children = (
				1943341E1ACE23D900915DF0 /* Base */,
			);
			name = Main.storyboard;
			sourceTree = "<group>";
		};
		194334221ACE23D900915DF0 /* LaunchScreen.xib */ = {
			isa = PBXVariantGroup;
			children = (
				194334231ACE23D900915DF0 /* Base */,
			);
			name = LaunchScreen.xib;
			sourceTree = "<group>";
		};
/* End PBXVariantGroup section */

/* Begin XCBuildConfiguration section */
		194334311ACE23D900915DF0 /* Debug */ = {
			isa = XCBuildConfiguration;
			buildSettings = {
				ALWAYS_SEARCH_USER_PATHS = NO;
				CLANG_CXX_LANGUAGE_STANDARD = "gnu++0x";
				CLANG_CXX_LIBRARY = "libc++";
				CLANG_ENABLE_MODULES = YES;
				CLANG_ENABLE_OBJC_ARC = YES;
				CLANG_WARN_BOOL_CONVERSION = YES;
				CLANG_WARN_CONSTANT_CONVERSION = YES;
				CLANG_WARN_DIRECT_OBJC_ISA_USAGE = YES_ERROR;
				CLANG_WARN_EMPTY_BODY = YES;
				CLANG_WARN_ENUM_CONVERSION = YES;
				CLANG_WARN_INT_CONVERSION = YES;
				CLANG_WARN_OBJC_ROOT_CLASS = YES_ERROR;
				CLANG_WARN_UNREACHABLE_CODE = YES;
				CLANG_WARN__DUPLICATE_METHOD_MATCH = YES;
				"CODE_SIGN_IDENTITY[sdk=iphoneos*]" = "iPhone Developer";
				COPY_PHASE_STRIP = NO;
				ENABLE_STRICT_OBJC_MSGSEND = YES;
				GCC_C_LANGUAGE_STANDARD = gnu99;
				GCC_DYNAMIC_NO_PIC = NO;
				GCC_OPTIMIZATION_LEVEL = 0;
				GCC_PREPROCESSOR_DEFINITIONS = (
					"DEBUG=1",
					"$(inherited)",
				);
				GCC_SYMBOLS_PRIVATE_EXTERN = NO;
				GCC_WARN_64_TO_32_BIT_CONVERSION = YES;
				GCC_WARN_ABOUT_RETURN_TYPE = YES_ERROR;
				GCC_WARN_UNDECLARED_SELECTOR = YES;
				GCC_WARN_UNINITIALIZED_AUTOS = YES_AGGRESSIVE;
				GCC_WARN_UNUSED_FUNCTION = YES;
				GCC_WARN_UNUSED_VARIABLE = YES;
				IPHONEOS_DEPLOYMENT_TARGET = 8.2;
				MTL_ENABLE_DEBUG_INFO = YES;
				ONLY_ACTIVE_ARCH = YES;
				SDKROOT = iphoneos;
				TARGETED_DEVICE_FAMILY = "1,2";
			};
			name = Debug;
		};
		194334321ACE23D900915DF0 /* Release */ = {
			isa = XCBuildConfiguration;
			buildSettings = {
				ALWAYS_SEARCH_USER_PATHS = NO;
				CLANG_CXX_LANGUAGE_STANDARD = "gnu++0x";
				CLANG_CXX_LIBRARY = "libc++";
				CLANG_ENABLE_MODULES = YES;
				CLANG_ENABLE_OBJC_ARC = YES;
				CLANG_WARN_BOOL_CONVERSION = YES;
				CLANG_WARN_CONSTANT_CONVERSION = YES;
				CLANG_WARN_DIRECT_OBJC_ISA_USAGE = YES_ERROR;
				CLANG_WARN_EMPTY_BODY = YES;
				CLANG_WARN_ENUM_CONVERSION = YES;
				CLANG_WARN_INT_CONVERSION = YES;
				CLANG_WARN_OBJC_ROOT_CLASS = YES_ERROR;
				CLANG_WARN_UNREACHABLE_CODE = YES;
				CLANG_WARN__DUPLICATE_METHOD_MATCH = YES;
				"CODE_SIGN_IDENTITY[sdk=iphoneos*]" = "iPhone Developer";
				COPY_PHASE_STRIP = NO;
				ENABLE_NS_ASSERTIONS = NO;
				ENABLE_STRICT_OBJC_MSGSEND = YES;
				GCC_C_LANGUAGE_STANDARD = gnu99;
				GCC_WARN_64_TO_32_BIT_CONVERSION = YES;
				GCC_WARN_ABOUT_RETURN_TYPE = YES_ERROR;
				GCC_WARN_UNDECLARED_SELECTOR = YES;
				GCC_WARN_UNINITIALIZED_AUTOS = YES_AGGRESSIVE;
				GCC_WARN_UNUSED_FUNCTION = YES;
				GCC_WARN_UNUSED_VARIABLE = YES;
				IPHONEOS_DEPLOYMENT_TARGET = 8.2;
				MTL_ENABLE_DEBUG_INFO = NO;
				SDKROOT = iphoneos;
				TARGETED_DEVICE_FAMILY = "1,2";
				VALIDATE_PRODUCT = YES;
			};
			name = Release;
		};
		194334341ACE23D900915DF0 /* Debug */ = {
			isa = XCBuildConfiguration;
			baseConfigurationReference = E576C0C5854AF39EF8876F99 /* Pods.debug.xcconfig */;
			buildSettings = {
				ASSETCATALOG_COMPILER_APPICON_NAME = AppIcon;
				INFOPLIST_FILE = PRL/Info.plist;
				LD_RUNPATH_SEARCH_PATHS = "$(inherited) @executable_path/Frameworks";
				PRODUCT_NAME = "$(TARGET_NAME)";
			};
			name = Debug;
		};
		194334351ACE23D900915DF0 /* Release */ = {
			isa = XCBuildConfiguration;
			baseConfigurationReference = FCB64F93197C3E3E77E39CA8 /* Pods.release.xcconfig */;
			buildSettings = {
				ASSETCATALOG_COMPILER_APPICON_NAME = AppIcon;
				INFOPLIST_FILE = PRL/Info.plist;
				LD_RUNPATH_SEARCH_PATHS = "$(inherited) @executable_path/Frameworks";
				PRODUCT_NAME = "$(TARGET_NAME)";
			};
			name = Release;
		};
		194334371ACE23D900915DF0 /* Debug */ = {
			isa = XCBuildConfiguration;
			buildSettings = {
				BUNDLE_LOADER = "$(TEST_HOST)";
				FRAMEWORK_SEARCH_PATHS = (
					"$(SDKROOT)/Developer/Library/Frameworks",
					"$(inherited)",
				);
				GCC_PREPROCESSOR_DEFINITIONS = (
					"DEBUG=1",
					"$(inherited)",
				);
				INFOPLIST_FILE = PRLTests/Info.plist;
				LD_RUNPATH_SEARCH_PATHS = "$(inherited) @executable_path/Frameworks @loader_path/Frameworks";
				PRODUCT_NAME = "$(TARGET_NAME)";
				TEST_HOST = "$(BUILT_PRODUCTS_DIR)/PRL.app/PRL";
			};
			name = Debug;
		};
		194334381ACE23D900915DF0 /* Release */ = {
			isa = XCBuildConfiguration;
			buildSettings = {
				BUNDLE_LOADER = "$(TEST_HOST)";
				FRAMEWORK_SEARCH_PATHS = (
					"$(SDKROOT)/Developer/Library/Frameworks",
					"$(inherited)",
				);
				INFOPLIST_FILE = PRLTests/Info.plist;
				LD_RUNPATH_SEARCH_PATHS = "$(inherited) @executable_path/Frameworks @loader_path/Frameworks";
				PRODUCT_NAME = "$(TARGET_NAME)";
				TEST_HOST = "$(BUILT_PRODUCTS_DIR)/PRL.app/PRL";
			};
			name = Release;
		};
/* End XCBuildConfiguration section */

/* Begin XCConfigurationList section */
		194334081ACE23D900915DF0 /* Build configuration list for PBXProject "PRL" */ = {
			isa = XCConfigurationList;
			buildConfigurations = (
				194334311ACE23D900915DF0 /* Debug */,
				194334321ACE23D900915DF0 /* Release */,
			);
			defaultConfigurationIsVisible = 0;
			defaultConfigurationName = Release;
		};
		194334331ACE23D900915DF0 /* Build configuration list for PBXNativeTarget "PRL" */ = {
			isa = XCConfigurationList;
			buildConfigurations = (
				194334341ACE23D900915DF0 /* Debug */,
				194334351ACE23D900915DF0 /* Release */,
			);
			defaultConfigurationIsVisible = 0;
			defaultConfigurationName = Release;
		};
		194334361ACE23D900915DF0 /* Build configuration list for PBXNativeTarget "PRLTests" */ = {
			isa = XCConfigurationList;
			buildConfigurations = (
				194334371ACE23D900915DF0 /* Debug */,
				194334381ACE23D900915DF0 /* Release */,
			);
			defaultConfigurationIsVisible = 0;
			defaultConfigurationName = Release;
		};
/* End XCConfigurationList section */
	};
	rootObject = 194334051ACE23D900915DF0 /* Project object */;
}
